
Microsoft Visual Studio Solution File, Format Version 12.00
# Visual Studio Version 16
VisualStudioVersion = 16.0.29209.62
MinimumVisualStudioVersion = 10.0.40219.1
Project("{FAE04EC0-301F-11D3-BF4B-00C04F79EFBC}") = "SubwayKiosk", "SubwayKiosk.csproj", "{A91B7BEE-5FF5-4268-8BF7-51012EC4F0BC}"
EndProject
Global
	GlobalSection(SolutionConfigurationPlatforms) = preSolution
		Debug|Any CPU = Debug|Any CPU
		Release|Any CPU = Release|Any CPU
	EndGlobalSection
	GlobalSection(ProjectConfigurationPlatforms) = postSolution
		{A91B7BEE-5FF5-4268-8BF7-51012EC4F0BC}.Debug|Any CPU.ActiveCfg = Debug|Any CPU
		{A91B7BEE-5FF5-4268-8BF7-51012EC4F0BC}.Debug|Any CPU.Build.0 = Debug|Any CPU
		{A91B7BEE-5FF5-4268-8BF7-51012EC4F0BC}.Release|Any CPU.ActiveCfg = Release|Any CPU
		{A91B7BEE-5FF5-4268-8BF7-51012EC4F0BC}.Release|Any CPU.Build.0 = Release|Any CPU
	EndGlobalSection
	GlobalSection(SolutionProperties) = preSolution
		HideSolutionNode = FALSE
	EndGlobalSection
	GlobalSection(ExtensibilityGlobals) = postSolution
		SolutionGuid = {126D201F-1A41-472E-AFC8-DBB1521DAFA8}
	EndGlobalSection
EndGlobal
